
Microsoft Visual Studio Solution File, Format Version 12.00
# Visual Studio Version 16
VisualStudioVersion = 16.0.31205.134
MinimumVisualStudioVersion = 10.0.40219.1
Project("{FAE04EC0-301F-11D3-BF4B-00C04F79EFBC}") = "ProyectoBot-1274657Perez", "ProyectoBot-1274657Perez\ProyectoBot-1274657Perez.csproj", "{C05D736D-0351-4FF0-B6AF-E15621B5C643}"
EndProject
Global
	GlobalSection(SolutionConfigurationPlatforms) = preSolution
		Debug|Any CPU = Debug|Any CPU
		Release|Any CPU = Release|Any CPU
	EndGlobalSection
	GlobalSection(ProjectConfigurationPlatforms) = postSolution
		{C05D736D-0351-4FF0-B6AF-E15621B5C643}.Debug|Any CPU.ActiveCfg = Debug|Any CPU
		{C05D736D-0351-4FF0-B6AF-E15621B5C643}.Debug|Any CPU.Build.0 = Debug|Any CPU
		{C05D736D-0351-4FF0-B6AF-E15621B5C643}.Release|Any CPU.ActiveCfg = Release|Any CPU
		{C05D736D-0351-4FF0-B6AF-E15621B5C643}.Release|Any CPU.Build.0 = Release|Any CPU
	EndGlobalSection
	GlobalSection(SolutionProperties) = preSolution
		HideSolutionNode = FALSE
	EndGlobalSection
	GlobalSection(ExtensibilityGlobals) = postSolution
		SolutionGuid = {1BD38676-0F8A-44C3-81BB-F72D0B5437DD}
	EndGlobalSection
EndGlobal
